// !$*UTF8*$!
{
	archiveVersion = 1;
	classes = {
	};
	objectVersion = 46;
	objects = {

/* Begin PBXBuildFile section */
		04A2C1951902ADD0005E590F /* Cocoa.framework in Frameworks */ = {isa = PBXBuildFile; fileRef = 04A2C1941902ADD0005E590F /* Cocoa.framework */; };
		04A2C19F1902ADD0005E590F /* InfoPlist.strings in Resources */ = {isa = PBXBuildFile; fileRef = 04A2C19D1902ADD0005E590F /* InfoPlist.strings */; };
		04A2C1A11902ADD0005E590F /* main.m in Sources */ = {isa = PBXBuildFile; fileRef = 04A2C1A01902ADD0005E590F /* main.m */; };
		04A2C1A51902ADD0005E590F /* Credits.rtf in Resources */ = {isa = PBXBuildFile; fileRef = 04A2C1A31902ADD0005E590F /* Credits.rtf */; };
		04A2C1A81902ADD0005E590F /* AppDelegate.m in Sources */ = {isa = PBXBuildFile; fileRef = 04A2C1A71902ADD0005E590F /* AppDelegate.m */; };
		04A2C1AB1902ADD0005E590F /* MainMenu.xib in Resources */ = {isa = PBXBuildFile; fileRef = 04A2C1A91902ADD0005E590F /* MainMenu.xib */; };
		04A2C1AD1902ADD0005E590F /* Images.xcassets in Resources */ = {isa = PBXBuildFile; fileRef = 04A2C1AC1902ADD0005E590F /* Images.xcassets */; };
		04A2C1B41902ADD0005E590F /* XCTest.framework in Frameworks */ = {isa = PBXBuildFile; fileRef = 04A2C1B31902ADD0005E590F /* XCTest.framework */; };
		04A2C1B51902ADD0005E590F /* Cocoa.framework in Frameworks */ = {isa = PBXBuildFile; fileRef = 04A2C1941902ADD0005E590F /* Cocoa.framework */; };
		04A2C1BD1902ADD0005E590F /* InfoPlist.strings in Resources */ = {isa = PBXBuildFile; fileRef = 04A2C1BB1902ADD0005E590F /* InfoPlist.strings */; };
		04A2C1BF1902ADD0005E590F /* RadikoAlarmTests.m in Sources */ = {isa = PBXBuildFile; fileRef = 04A2C1BE1902ADD0005E590F /* RadikoAlarmTests.m */; };
/* End PBXBuildFile section */

/* Begin PBXContainerItemProxy section */
		04A2C1B61902ADD0005E590F /* PBXContainerItemProxy */ = {
			isa = PBXContainerItemProxy;
			containerPortal = 04A2C1891902ADD0005E590F /* Project object */;
			proxyType = 1;
			remoteGlobalIDString = 04A2C1901902ADD0005E590F;
			remoteInfo = RadikoAlarm;
		};
/* End PBXContainerItemProxy section */

/* Begin PBXFileReference section */
		04A2C1911902ADD0005E590F /* RadikoAlarm.app */ = {isa = PBXFileReference; explicitFileType = wrapper.application; includeInIndex = 0; path = RadikoAlarm.app; sourceTree = BUILT_PRODUCTS_DIR; };
		04A2C1941902ADD0005E590F /* Cocoa.framework */ = {isa = PBXFileReference; lastKnownFileType = wrapper.framework; name = Cocoa.framework; path = System/Library/Frameworks/Cocoa.framework; sourceTree = SDKROOT; };
		04A2C1971902ADD0005E590F /* AppKit.framework */ = {isa = PBXFileReference; lastKnownFileType = wrapper.framework; name = AppKit.framework; path = System/Library/Frameworks/AppKit.framework; sourceTree = SDKROOT; };
		04A2C1981902ADD0005E590F /* CoreData.framework */ = {isa = PBXFileReference; lastKnownFileType = wrapper.framework; name = CoreData.framework; path = System/Library/Frameworks/CoreData.framework; sourceTree = SDKROOT; };
		04A2C1991902ADD0005E590F /* Foundation.framework */ = {isa = PBXFileReference; lastKnownFileType = wrapper.framework; name = Foundation.framework; path = System/Library/Frameworks/Foundation.framework; sourceTree = SDKROOT; };
		04A2C19C1902ADD0005E590F /* RadikoAlarm-Info.plist */ = {isa = PBXFileReference; lastKnownFileType = text.plist.xml; path = "RadikoAlarm-Info.plist"; sourceTree = "<group>"; };
		04A2C19E1902ADD0005E590F /* en */ = {isa = PBXFileReference; lastKnownFileType = text.plist.strings; name = en; path = en.lproj/InfoPlist.strings; sourceTree = "<group>"; };
		04A2C1A01902ADD0005E590F /* main.m */ = {isa = PBXFileReference; lastKnownFileType = sourcecode.c.objc; path = main.m; sourceTree = "<group>"; };
		04A2C1A21902ADD0005E590F /* RadikoAlarm-Prefix.pch */ = {isa = PBXFileReference; lastKnownFileType = sourcecode.c.h; path = "RadikoAlarm-Prefix.pch"; sourceTree = "<group>"; };
		04A2C1A41902ADD0005E590F /* en */ = {isa = PBXFileReference; lastKnownFileType = text.rtf; name = en; path = en.lproj/Credits.rtf; sourceTree = "<group>"; };
		04A2C1A61902ADD0005E590F /* AppDelegate.h */ = {isa = PBXFileReference; lastKnownFileType = sourcecode.c.h; path = AppDelegate.h; sourceTree = "<group>"; };
		04A2C1A71902ADD0005E590F /* AppDelegate.m */ = {isa = PBXFileReference; lastKnownFileType = sourcecode.c.objc; path = AppDelegate.m; sourceTree = "<group>"; };
		04A2C1AA1902ADD0005E590F /* Base */ = {isa = PBXFileReference; lastKnownFileType = file.xib; name = Base; path = Base.lproj/MainMenu.xib; sourceTree = "<group>"; };
		04A2C1AC1902ADD0005E590F /* Images.xcassets */ = {isa = PBXFileReference; lastKnownFileType = folder; path = Images.xcassets; sourceTree = "<group>"; };
		04A2C1B21902ADD0005E590F /* RadikoAlarmTests.xctest */ = {isa = PBXFileReference; explicitFileType = wrapper.cfbundle; includeInIndex = 0; path = RadikoAlarmTests.xctest; sourceTree = BUILT_PRODUCTS_DIR; };
		04A2C1B31902ADD0005E590F /* XCTest.framework */ = {isa = PBXFileReference; lastKnownFileType = wrapper.framework; name = XCTest.framework; path = Library/Frameworks/XCTest.framework; sourceTree = DEVELOPER_DIR; };
		04A2C1BA1902ADD0005E590F /* RadikoAlarmTests-Info.plist */ = {isa = PBXFileReference; lastKnownFileType = text.plist.xml; path = "RadikoAlarmTests-Info.plist"; sourceTree = "<group>"; };
		04A2C1BC1902ADD0005E590F /* en */ = {isa = PBXFileReference; lastKnownFileType = text.plist.strings; name = en; path = en.lproj/InfoPlist.strings; sourceTree = "<group>"; };
		04A2C1BE1902ADD0005E590F /* RadikoAlarmTests.m */ = {isa = PBXFileReference; lastKnownFileType = sourcecode.c.objc; path = RadikoAlarmTests.m; sourceTree = "<group>"; };
/* End PBXFileReference section */

/* Begin PBXFrameworksBuildPhase section */
		04A2C18E1902ADD0005E590F /* Frameworks */ = {
			isa = PBXFrameworksBuildPhase;
			buildActionMask = 2147483647;
			files = (
				04A2C1951902ADD0005E590F /* Cocoa.framework in Frameworks */,
			);
			runOnlyForDeploymentPostprocessing = 0;
		};
		04A2C1AF1902ADD0005E590F /* Frameworks */ = {
			isa = PBXFrameworksBuildPhase;
			buildActionMask = 2147483647;
			files = (
				04A2C1B51902ADD0005E590F /* Cocoa.framework in Frameworks */,
				04A2C1B41902ADD0005E590F /* XCTest.framework in Frameworks */,
			);
			runOnlyForDeploymentPostprocessing = 0;
		};
/* End PBXFrameworksBuildPhase section */

/* Begin PBXGroup section */
		04A2C1881902ADD0005E590F = {
			isa = PBXGroup;
			children = (
				04A2C19A1902ADD0005E590F /* RadikoAlarm */,
				04A2C1B81902ADD0005E590F /* RadikoAlarmTests */,
				04A2C1931902ADD0005E590F /* Frameworks */,
				04A2C1921902ADD0005E590F /* Products */,
			);
			sourceTree = "<group>";
		};
		04A2C1921902ADD0005E590F /* Products */ = {
			isa = PBXGroup;
			children = (
				04A2C1911902ADD0005E590F /* RadikoAlarm.app */,
				04A2C1B21902ADD0005E590F /* RadikoAlarmTests.xctest */,
			);
			name = Products;
			sourceTree = "<group>";
		};
		04A2C1931902ADD0005E590F /* Frameworks */ = {
			isa = PBXGroup;
			children = (
				04A2C1941902ADD0005E590F /* Cocoa.framework */,
				04A2C1B31902ADD0005E590F /* XCTest.framework */,
				04A2C1961902ADD0005E590F /* Other Frameworks */,
			);
			name = Frameworks;
			sourceTree = "<group>";
		};
		04A2C1961902ADD0005E590F /* Other Frameworks */ = {
			isa = PBXGroup;
			children = (
				04A2C1971902ADD0005E590F /* AppKit.framework */,
				04A2C1981902ADD0005E590F /* CoreData.framework */,
				04A2C1991902ADD0005E590F /* Foundation.framework */,
			);
			name = "Other Frameworks";
			sourceTree = "<group>";
		};
		04A2C19A1902ADD0005E590F /* RadikoAlarm */ = {
			isa = PBXGroup;
			children = (
				04A2C1A61902ADD0005E590F /* AppDelegate.h */,
				04A2C1A71902ADD0005E590F /* AppDelegate.m */,
				04A2C1A91902ADD0005E590F /* MainMenu.xib */,
				04A2C1AC1902ADD0005E590F /* Images.xcassets */,
				04A2C19B1902ADD0005E590F /* Supporting Files */,
			);
			path = RadikoAlarm;
			sourceTree = "<group>";
		};
		04A2C19B1902ADD0005E590F /* Supporting Files */ = {
			isa = PBXGroup;
			children = (
				04A2C19C1902ADD0005E590F /* RadikoAlarm-Info.plist */,
				04A2C19D1902ADD0005E590F /* InfoPlist.strings */,
				04A2C1A01902ADD0005E590F /* main.m */,
				04A2C1A21902ADD0005E590F /* RadikoAlarm-Prefix.pch */,
				04A2C1A31902ADD0005E590F /* Credits.rtf */,
			);
			name = "Supporting Files";
			sourceTree = "<group>";
		};
		04A2C1B81902ADD0005E590F /* RadikoAlarmTests */ = {
			isa = PBXGroup;
			children = (
				04A2C1BE1902ADD0005E590F /* RadikoAlarmTests.m */,
				04A2C1B91902ADD0005E590F /* Supporting Files */,
			);
			path = RadikoAlarmTests;
			sourceTree = "<group>";
		};
		04A2C1B91902ADD0005E590F /* Supporting Files */ = {
			isa = PBXGroup;
			children = (
				04A2C1BA1902ADD0005E590F /* RadikoAlarmTests-Info.plist */,
				04A2C1BB1902ADD0005E590F /* InfoPlist.strings */,
			);
			name = "Supporting Files";
			sourceTree = "<group>";
		};
/* End PBXGroup section */

/* Begin PBXNativeTarget section */
		04A2C1901902ADD0005E590F /* RadikoAlarm */ = {
			isa = PBXNativeTarget;
			buildConfigurationList = 04A2C1C21902ADD0005E590F /* Build configuration list for PBXNativeTarget "RadikoAlarm" */;
			buildPhases = (
				04A2C18D1902ADD0005E590F /* Sources */,
				04A2C18E1902ADD0005E590F /* Frameworks */,
				04A2C18F1902ADD0005E590F /* Resources */,
			);
			buildRules = (
			);
			dependencies = (
			);
			name = RadikoAlarm;
			productName = RadikoAlarm;
			productReference = 04A2C1911902ADD0005E590F /* RadikoAlarm.app */;
			productType = "com.apple.product-type.application";
		};
		04A2C1B11902ADD0005E590F /* RadikoAlarmTests */ = {
			isa = PBXNativeTarget;
			buildConfigurationList = 04A2C1C51902ADD0005E590F /* Build configuration list for PBXNativeTarget "RadikoAlarmTests" */;
			buildPhases = (
				04A2C1AE1902ADD0005E590F /* Sources */,
				04A2C1AF1902ADD0005E590F /* Frameworks */,
				04A2C1B01902ADD0005E590F /* Resources */,
			);
			buildRules = (
			);
			dependencies = (
				04A2C1B71902ADD0005E590F /* PBXTargetDependency */,
			);
			name = RadikoAlarmTests;
			productName = RadikoAlarmTests;
			productReference = 04A2C1B21902ADD0005E590F /* RadikoAlarmTests.xctest */;
			productType = "com.apple.product-type.bundle.unit-test";
		};
/* End PBXNativeTarget section */

/* Begin PBXProject section */
		04A2C1891902ADD0005E590F /* Project object */ = {
			isa = PBXProject;
			attributes = {
				LastUpgradeCheck = 0510;
				ORGANIZATIONNAME = "Teturou Nishioka";
				TargetAttributes = {
					04A2C1B11902ADD0005E590F = {
						TestTargetID = 04A2C1901902ADD0005E590F;
					};
				};
			};
			buildConfigurationList = 04A2C18C1902ADD0005E590F /* Build configuration list for PBXProject "RadikoAlarm" */;
			compatibilityVersion = "Xcode 3.2";
			developmentRegion = English;
			hasScannedForEncodings = 0;
			knownRegions = (
				en,
				Base,
			);
			mainGroup = 04A2C1881902ADD0005E590F;
			productRefGroup = 04A2C1921902ADD0005E590F /* Products */;
			projectDirPath = "";
			projectRoot = "";
			targets = (
				04A2C1901902ADD0005E590F /* RadikoAlarm */,
				04A2C1B11902ADD0005E590F /* RadikoAlarmTests */,
			);
		};
/* End PBXProject section */

/* Begin PBXResourcesBuildPhase section */
		04A2C18F1902ADD0005E590F /* Resources */ = {
			isa = PBXResourcesBuildPhase;
			buildActionMask = 2147483647;
			files = (
				04A2C19F1902ADD0005E590F /* InfoPlist.strings in Resources */,
				04A2C1AD1902ADD0005E590F /* Images.xcassets in Resources */,
				04A2C1A51902ADD0005E590F /* Credits.rtf in Resources */,
				04A2C1AB1902ADD0005E590F /* MainMenu.xib in Resources */,
			);
			runOnlyForDeploymentPostprocessing = 0;
		};
		04A2C1B01902ADD0005E590F /* Resources */ = {
			isa = PBXResourcesBuildPhase;
			buildActionMask = 2147483647;
			files = (
				04A2C1BD1902ADD0005E590F /* InfoPlist.strings in Resources */,
			);
			runOnlyForDeploymentPostprocessing = 0;
		};
/* End PBXResourcesBuildPhase section */

/* Begin PBXSourcesBuildPhase section */
		04A2C18D1902ADD0005E590F /* Sources */ = {
			isa = PBXSourcesBuildPhase;
			buildActionMask = 2147483647;
			files = (
				04A2C1A81902ADD0005E590F /* AppDelegate.m in Sources */,
				04A2C1A11902ADD0005E590F /* main.m in Sources */,
			);
			runOnlyForDeploymentPostprocessing = 0;
		};
		04A2C1AE1902ADD0005E590F /* Sources */ = {
			isa = PBXSourcesBuildPhase;
			buildActionMask = 2147483647;
			files = (
				04A2C1BF1902ADD0005E590F /* RadikoAlarmTests.m in Sources */,
			);
			runOnlyForDeploymentPostprocessing = 0;
		};
/* End PBXSourcesBuildPhase section */

/* Begin PBXTargetDependency section */
		04A2C1B71902ADD0005E590F /* PBXTargetDependency */ = {
			isa = PBXTargetDependency;
			target = 04A2C1901902ADD0005E590F /* RadikoAlarm */;
			targetProxy = 04A2C1B61902ADD0005E590F /* PBXContainerItemProxy */;
		};
/* End PBXTargetDependency section */

/* Begin PBXVariantGroup section */
		04A2C19D1902ADD0005E590F /* InfoPlist.strings */ = {
			isa = PBXVariantGroup;
			children = (
				04A2C19E1902ADD0005E590F /* en */,
			);
			name = InfoPlist.strings;
			sourceTree = "<group>";
		};
		04A2C1A31902ADD0005E590F /* Credits.rtf */ = {
			isa = PBXVariantGroup;
			children = (
				04A2C1A41902ADD0005E590F /* en */,
			);
			name = Credits.rtf;
			sourceTree = "<group>";
		};
		04A2C1A91902ADD0005E590F /* MainMenu.xib */ = {
			isa = PBXVariantGroup;
			children = (
				04A2C1AA1902ADD0005E590F /* Base */,
			);
			name = MainMenu.xib;
			sourceTree = "<group>";
		};
		04A2C1BB1902ADD0005E590F /* InfoPlist.strings */ = {
			isa = PBXVariantGroup;
			children = (
				04A2C1BC1902ADD0005E590F /* en */,
			);
			name = InfoPlist.strings;
			sourceTree = "<group>";
		};
/* End PBXVariantGroup section */

/* Begin XCBuildConfiguration section */
		04A2C1C01902ADD0005E590F /* Debug */ = {
			isa = XCBuildConfiguration;
			buildSettings = {
				ALWAYS_SEARCH_USER_PATHS = NO;
				ARCHS = "$(ARCHS_STANDARD)";
				CLANG_CXX_LANGUAGE_STANDARD = "gnu++0x";
				CLANG_CXX_LIBRARY = "libc++";
				CLANG_ENABLE_MODULES = YES;
				CLANG_ENABLE_OBJC_ARC = YES;
				CLANG_WARN_BOOL_CONVERSION = YES;
				CLANG_WARN_CONSTANT_CONVERSION = YES;
				CLANG_WARN_DIRECT_OBJC_ISA_USAGE = YES_ERROR;
				CLANG_WARN_EMPTY_BODY = YES;
				CLANG_WARN_ENUM_CONVERSION = YES;
				CLANG_WARN_INT_CONVERSION = YES;
				CLANG_WARN_OBJC_ROOT_CLASS = YES_ERROR;
				CLANG_WARN__DUPLICATE_METHOD_MATCH = YES;
				COPY_PHASE_STRIP = NO;
				GCC_C_LANGUAGE_STANDARD = gnu99;
				GCC_DYNAMIC_NO_PIC = NO;
				GCC_ENABLE_OBJC_EXCEPTIONS = YES;
				GCC_OPTIMIZATION_LEVEL = 0;
				GCC_PREPROCESSOR_DEFINITIONS = (
					"DEBUG=1",
					"$(inherited)",
				);
				GCC_SYMBOLS_PRIVATE_EXTERN = NO;
				GCC_WARN_64_TO_32_BIT_CONVERSION = YES;
				GCC_WARN_ABOUT_RETURN_TYPE = YES_ERROR;
				GCC_WARN_UNDECLARED_SELECTOR = YES;
				GCC_WARN_UNINITIALIZED_AUTOS = YES_AGGRESSIVE;
				GCC_WARN_UNUSED_FUNCTION = YES;
				GCC_WARN_UNUSED_VARIABLE = YES;
				MACOSX_DEPLOYMENT_TARGET = 10.9;
				ONLY_ACTIVE_ARCH = NO;
				SDKROOT = macosx;
				VALID_ARCHS = "i386 x86_64";
			};
			name = Debug;
		};
		04A2C1C11902ADD0005E590F /* Release */ = {
			isa = XCBuildConfiguration;
			buildSettings = {
				ALWAYS_SEARCH_USER_PATHS = NO;
				ARCHS = "$(ARCHS_STANDARD)";
				CLANG_CXX_LANGUAGE_STANDARD = "gnu++0x";
				CLANG_CXX_LIBRARY = "libc++";
				CLANG_ENABLE_MODULES = YES;
				CLANG_ENABLE_OBJC_ARC = YES;
				CLANG_WARN_BOOL_CONVERSION = YES;
				CLANG_WARN_CONSTANT_CONVERSION = YES;
				CLANG_WARN_DIRECT_OBJC_ISA_USAGE = YES_ERROR;
				CLANG_WARN_EMPTY_BODY = YES;
				CLANG_WARN_ENUM_CONVERSION = YES;
				CLANG_WARN_INT_CONVERSION = YES;
				CLANG_WARN_OBJC_ROOT_CLASS = YES_ERROR;
				CLANG_WARN__DUPLICATE_METHOD_MATCH = YES;
				COPY_PHASE_STRIP = YES;
				DEBUG_INFORMATION_FORMAT = "dwarf-with-dsym";
				ENABLE_NS_ASSERTIONS = NO;
				GCC_C_LANGUAGE_STANDARD = gnu99;
				GCC_ENABLE_OBJC_EXCEPTIONS = YES;
				GCC_WARN_64_TO_32_BIT_CONVERSION = YES;
				GCC_WARN_ABOUT_RETURN_TYPE = YES_ERROR;
				GCC_WARN_UNDECLARED_SELECTOR = YES;
				GCC_WARN_UNINITIALIZED_AUTOS = YES_AGGRESSIVE;
				GCC_WARN_UNUSED_FUNCTION = YES;
				GCC_WARN_UNUSED_VARIABLE = YES;
				MACOSX_DEPLOYMENT_TARGET = 10.9;
				SDKROOT = macosx;
				VALID_ARCHS = "i386 x86_64";
			};
			name = Release;
		};
		04A2C1C31902ADD0005E590F /* Debug */ = {
			isa = XCBuildConfiguration;
			buildSettings = {
				ASSETCATALOG_COMPILER_APPICON_NAME = AppIcon;
				COMBINE_HIDPI_IMAGES = YES;
				GCC_PRECOMPILE_PREFIX_HEADER = YES;
				GCC_PREFIX_HEADER = "RadikoAlarm/RadikoAlarm-Prefix.pch";
				INFOPLIST_FILE = "RadikoAlarm/RadikoAlarm-Info.plist";
				MACOSX_DEPLOYMENT_TARGET = 10.6;
				PRODUCT_NAME = "$(TARGET_NAME)";
				WRAPPER_EXTENSION = app;
			};
			name = Debug;
		};
		04A2C1C41902ADD0005E590F /* Release */ = {
			isa = XCBuildConfiguration;
			buildSettings = {
				ASSETCATALOG_COMPILER_APPICON_NAME = AppIcon;
				COMBINE_HIDPI_IMAGES = YES;
				GCC_PRECOMPILE_PREFIX_HEADER = YES;
				GCC_PREFIX_HEADER = "RadikoAlarm/RadikoAlarm-Prefix.pch";
				INFOPLIST_FILE = "RadikoAlarm/RadikoAlarm-Info.plist";
				MACOSX_DEPLOYMENT_TARGET = 10.6;
				PRODUCT_NAME = "$(TARGET_NAME)";
				WRAPPER_EXTENSION = app;
			};
			name = Release;
		};
		04A2C1C61902ADD0005E590F /* Debug */ = {
			isa = XCBuildConfiguration;
			buildSettings = {
				BUNDLE_LOADER = "$(BUILT_PRODUCTS_DIR)/RadikoAlarm.app/Contents/MacOS/RadikoAlarm";
				COMBINE_HIDPI_IMAGES = YES;
				FRAMEWORK_SEARCH_PATHS = (
					"$(DEVELOPER_FRAMEWORKS_DIR)",
					"$(inherited)",
				);
				GCC_PRECOMPILE_PREFIX_HEADER = YES;
				GCC_PREFIX_HEADER = "RadikoAlarm/RadikoAlarm-Prefix.pch";
				GCC_PREPROCESSOR_DEFINITIONS = (
					"DEBUG=1",
					"$(inherited)",
				);
				INFOPLIST_FILE = "RadikoAlarmTests/RadikoAlarmTests-Info.plist";
				PRODUCT_NAME = "$(TARGET_NAME)";
				TEST_HOST = "$(BUNDLE_LOADER)";
				WRAPPER_EXTENSION = xctest;
			};
			name = Debug;
		};
		04A2C1C71902ADD0005E590F /* Release */ = {
			isa = XCBuildConfiguration;
			buildSettings = {
				BUNDLE_LOADER = "$(BUILT_PRODUCTS_DIR)/RadikoAlarm.app/Contents/MacOS/RadikoAlarm";
				COMBINE_HIDPI_IMAGES = YES;
				FRAMEWORK_SEARCH_PATHS = (
					"$(DEVELOPER_FRAMEWORKS_DIR)",
					"$(inherited)",
				);
				GCC_PRECOMPILE_PREFIX_HEADER = YES;
				GCC_PREFIX_HEADER = "RadikoAlarm/RadikoAlarm-Prefix.pch";
				INFOPLIST_FILE = "RadikoAlarmTests/RadikoAlarmTests-Info.plist";
				PRODUCT_NAME = "$(TARGET_NAME)";
				TEST_HOST = "$(BUNDLE_LOADER)";
				WRAPPER_EXTENSION = xctest;
			};
			name = Release;
		};
/* End XCBuildConfiguration section */

/* Begin XCConfigurationList section */
		04A2C18C1902ADD0005E590F /* Build configuration list for PBXProject "RadikoAlarm" */ = {
			isa = XCConfigurationList;
			buildConfigurations = (
				04A2C1C01902ADD0005E590F /* Debug */,
				04A2C1C11902ADD0005E590F /* Release */,
			);
			defaultConfigurationIsVisible = 0;
			defaultConfigurationName = Release;
		};
		04A2C1C21902ADD0005E590F /* Build configuration list for PBXNativeTarget "RadikoAlarm" */ = {
			isa = XCConfigurationList;
			buildConfigurations = (
				04A2C1C31902ADD0005E590F /* Debug */,
				04A2C1C41902ADD0005E590F /* Release */,
			);
			defaultConfigurationIsVisible = 0;
			defaultConfigurationName = Release;
		};
		04A2C1C51902ADD0005E590F /* Build configuration list for PBXNativeTarget "RadikoAlarmTests" */ = {
			isa = XCConfigurationList;
			buildConfigurations = (
				04A2C1C61902ADD0005E590F /* Debug */,
				04A2C1C71902ADD0005E590F /* Release */,
			);
			defaultConfigurationIsVisible = 0;
			defaultConfigurationName = Release;
		};
/* End XCConfigurationList section */
	};
	rootObject = 04A2C1891902ADD0005E590F /* Project object */;
}
